dependencies:
- name: mysql
  repository: https://charts.bitnami.com/bitnami
  version: 14.0.3
- name: redis
  repository: https://charts.bitnami.com/bitnami
  version: 27.0.17
- name: postgresql
  repository: https://charts.bitnami.com/bitnami
  version: 18.8.0
- name: elasticsearch
  repository: https://charts.bitnami.com/bitnami
  version: 22.1.6
- name: mongodb
  repository: https://charts.bitnami.com/bitnami
  version: 19.1.22
digest: sha256:5e21695671a268abe5cdf031c2a838c56a0331b3b00bb1cb11063cff7fbfb2de
generated: "2026-08-04T10:21:46.363761+08:00"
